
Microsoft Visual Studio Solution File, Format Version 12.00
# Visual Studio Version 16
VisualStudioVersion = 16.0.29326.143
MinimumVisualStudioVersion = 10.0.40219.1
Project("{FAE04EC0-301F-11D3-BF4B-00C04F79EFBC}") = "Bloque7", "Bloque7\Bloque7.csproj", "{CE546C79-1995-4C45-B1A5-B43B9E2E76EE}"
EndProject
Global
	GlobalSection(SolutionConfigurationPlatforms) = preSolution
		Debug|Any CPU = Debug|Any CPU
		Release|Any CPU = Release|Any CPU
	EndGlobalSection
	GlobalSection(ProjectConfigurationPlatforms) = postSolution
		{CE546C79-1995-4C45-B1A5-B43B9E2E76EE}.Debug|Any CPU.ActiveCfg = Debug|Any CPU
		{CE546C79-1995-4C45-B1A5-B43B9E2E76EE}.Debug|Any CPU.Build.0 = Debug|Any CPU
		{CE546C79-1995-4C45-B1A5-B43B9E2E76EE}.Release|Any CPU.ActiveCfg = Release|Any CPU
		{CE546C79-1995-4C45-B1A5-B43B9E2E76EE}.Release|Any CPU.Build.0 = Release|Any CPU
	EndGlobalSection
	GlobalSection(SolutionProperties) = preSolution
		HideSolutionNode = FALSE
	EndGlobalSection
	GlobalSection(ExtensibilityGlobals) = postSolution
		SolutionGuid = {829F2AE3-968E-45E6-B162-F779715F888D}
	EndGlobalSection
EndGlobal
