
Microsoft Visual Studio Solution File, Format Version 12.00
# Visual Studio Version 16
VisualStudioVersion = 16.0.29326.143
MinimumVisualStudioVersion = 10.0.40219.1
Project("{FAE04EC0-301F-11D3-BF4B-00C04F79EFBC}") = "Problema 11", "Problema 11\Problema 11.csproj", "{A01E28A3-EDE5-4EF0-A914-3E82BC4CE4CD}"
EndProject
Global
	GlobalSection(SolutionConfigurationPlatforms) = preSolution
		Debug|Any CPU = Debug|Any CPU
		Release|Any CPU = Release|Any CPU
	EndGlobalSection
	GlobalSection(ProjectConfigurationPlatforms) = postSolution
		{A01E28A3-EDE5-4EF0-A914-3E82BC4CE4CD}.Debug|Any CPU.ActiveCfg = Debug|Any CPU
		{A01E28A3-EDE5-4EF0-A914-3E82BC4CE4CD}.Debug|Any CPU.Build.0 = Debug|Any CPU
		{A01E28A3-EDE5-4EF0-A914-3E82BC4CE4CD}.Release|Any CPU.ActiveCfg = Release|Any CPU
		{A01E28A3-EDE5-4EF0-A914-3E82BC4CE4CD}.Release|Any CPU.Build.0 = Release|Any CPU
	EndGlobalSection
	GlobalSection(SolutionProperties) = preSolution
		HideSolutionNode = FALSE
	EndGlobalSection
	GlobalSection(ExtensibilityGlobals) = postSolution
		SolutionGuid = {C947D236-74A3-4C65-B395-FCF3C3C13839}
	EndGlobalSection
EndGlobal
