
Microsoft Visual Studio Solution File, Format Version 12.00
# Visual Studio Version 16
VisualStudioVersion = 16.0.29201.188
MinimumVisualStudioVersion = 10.0.40219.1
Project("{FAE04EC0-301F-11D3-BF4B-00C04F79EFBC}") = "Problema 1", "Problema 1\Problema 1.csproj", "{2678FBC5-622C-4D6A-9BEE-C47723E23E19}"
EndProject
Global
	GlobalSection(SolutionConfigurationPlatforms) = preSolution
		Debug|Any CPU = Debug|Any CPU
		Release|Any CPU = Release|Any CPU
	EndGlobalSection
	GlobalSection(ProjectConfigurationPlatforms) = postSolution
		{2678FBC5-622C-4D6A-9BEE-C47723E23E19}.Debug|Any CPU.ActiveCfg = Debug|Any CPU
		{2678FBC5-622C-4D6A-9BEE-C47723E23E19}.Debug|Any CPU.Build.0 = Debug|Any CPU
		{2678FBC5-622C-4D6A-9BEE-C47723E23E19}.Release|Any CPU.ActiveCfg = Release|Any CPU
		{2678FBC5-622C-4D6A-9BEE-C47723E23E19}.Release|Any CPU.Build.0 = Release|Any CPU
	EndGlobalSection
	GlobalSection(SolutionProperties) = preSolution
		HideSolutionNode = FALSE
	EndGlobalSection
	GlobalSection(ExtensibilityGlobals) = postSolution
		SolutionGuid = {F3B07042-D281-4E6E-B5BF-68DFED34262E}
	EndGlobalSection
EndGlobal
