
Microsoft Visual Studio Solution File, Format Version 12.00
# Visual Studio Version 16
VisualStudioVersion = 16.0.29326.143
MinimumVisualStudioVersion = 10.0.40219.1
Project("{FAE04EC0-301F-11D3-BF4B-00C04F79EFBC}") = "Problema 9", "Problema 9\Problema 9.csproj", "{A1DE676B-5908-497D-939B-4A370B078761}"
EndProject
Global
	GlobalSection(SolutionConfigurationPlatforms) = preSolution
		Debug|Any CPU = Debug|Any CPU
		Release|Any CPU = Release|Any CPU
	EndGlobalSection
	GlobalSection(ProjectConfigurationPlatforms) = postSolution
		{A1DE676B-5908-497D-939B-4A370B078761}.Debug|Any CPU.ActiveCfg = Debug|Any CPU
		{A1DE676B-5908-497D-939B-4A370B078761}.Debug|Any CPU.Build.0 = Debug|Any CPU
		{A1DE676B-5908-497D-939B-4A370B078761}.Release|Any CPU.ActiveCfg = Release|Any CPU
		{A1DE676B-5908-497D-939B-4A370B078761}.Release|Any CPU.Build.0 = Release|Any CPU
	EndGlobalSection
	GlobalSection(SolutionProperties) = preSolution
		HideSolutionNode = FALSE
	EndGlobalSection
	GlobalSection(ExtensibilityGlobals) = postSolution
		SolutionGuid = {15ABE86B-60E6-4295-96B0-A9519E892F3D}
	EndGlobalSection
EndGlobal
